
Microsoft Visual Studio Solution File, Format Version 12.00
# Visual Studio 14
VisualStudioVersion = 14.0.25420.1
MinimumVisualStudioVersion = 10.0.40219.1
Project("{8BC9CEB8-8B4A-11D0-8D11-00A0C91BC942}") = "URL", "URL\URL.vcxproj", "{131B24C1-352F-4584-B5F6-597F9D0BA071}"
EndProject
Project("{8BC9CEB8-8B4A-11D0-8D11-00A0C91BC942}") = "URLTests", "URLTests\URLTests.vcxproj", "{A384DC25-1939-4B33-B490-47CE6FA30DC9}"
EndProject
Global
	GlobalSection(SolutionConfigurationPlatforms) = preSolution
		Debug|x64 = Debug|x64
		Debug|x86 = Debug|x86
		Release|x64 = Release|x64
		Release|x86 = Release|x86
	EndGlobalSection
	GlobalSection(ProjectConfigurationPlatforms) = postSolution
		{131B24C1-352F-4584-B5F6-597F9D0BA071}.Debug|x64.ActiveCfg = Debug|x64
		{131B24C1-352F-4584-B5F6-597F9D0BA071}.Debug|x64.Build.0 = Debug|x64
		{131B24C1-352F-4584-B5F6-597F9D0BA071}.Debug|x86.ActiveCfg = Debug|Win32
		{131B24C1-352F-4584-B5F6-597F9D0BA071}.Debug|x86.Build.0 = Debug|Win32
		{131B24C1-352F-4584-B5F6-597F9D0BA071}.Release|x64.ActiveCfg = Release|x64
		{131B24C1-352F-4584-B5F6-597F9D0BA071}.Release|x64.Build.0 = Release|x64
		{131B24C1-352F-4584-B5F6-597F9D0BA071}.Release|x86.ActiveCfg = Release|Win32
		{131B24C1-352F-4584-B5F6-597F9D0BA071}.Release|x86.Build.0 = Release|Win32
		{A384DC25-1939-4B33-B490-47CE6FA30DC9}.Debug|x64.ActiveCfg = Debug|x64
		{A384DC25-1939-4B33-B490-47CE6FA30DC9}.Debug|x64.Build.0 = Debug|x64
		{A384DC25-1939-4B33-B490-47CE6FA30DC9}.Debug|x86.ActiveCfg = Debug|Win32
		{A384DC25-1939-4B33-B490-47CE6FA30DC9}.Debug|x86.Build.0 = Debug|Win32
		{A384DC25-1939-4B33-B490-47CE6FA30DC9}.Release|x64.ActiveCfg = Release|x64
		{A384DC25-1939-4B33-B490-47CE6FA30DC9}.Release|x64.Build.0 = Release|x64
		{A384DC25-1939-4B33-B490-47CE6FA30DC9}.Release|x86.ActiveCfg = Release|Win32
		{A384DC25-1939-4B33-B490-47CE6FA30DC9}.Release|x86.Build.0 = Release|Win32
	EndGlobalSection
	GlobalSection(SolutionProperties) = preSolution
		HideSolutionNode = FALSE
	EndGlobalSection
EndGlobal
